
Microsoft Visual Studio Solution File, Format Version 12.00
# Visual Studio Version 17
VisualStudioVersion = 17.7.34031.279
MinimumVisualStudioVersion = 10.0.40219.1
Project("{FAE04EC0-301F-11D3-BF4B-00C04F79EFBC}") = "hw_m8", "hw_m8\hw_m8.csproj", "{342BDB28-C4AC-4D4C-8C3E-1B909D008466}"
EndProject
Global
	GlobalSection(SolutionConfigurationPlatforms) = preSolution
		Debug|Any CPU = Debug|Any CPU
		Release|Any CPU = Release|Any CPU
	EndGlobalSection
	GlobalSection(ProjectConfigurationPlatforms) = postSolution
		{342BDB28-C4AC-4D4C-8C3E-1B909D008466}.Debug|Any CPU.ActiveCfg = Debug|Any CPU
		{342BDB28-C4AC-4D4C-8C3E-1B909D008466}.Debug|Any CPU.Build.0 = Debug|Any CPU
		{342BDB28-C4AC-4D4C-8C3E-1B909D008466}.Release|Any CPU.ActiveCfg = Release|Any CPU
		{342BDB28-C4AC-4D4C-8C3E-1B909D008466}.Release|Any CPU.Build.0 = Release|Any CPU
	EndGlobalSection
	GlobalSection(SolutionProperties) = preSolution
		HideSolutionNode = FALSE
	EndGlobalSection
	GlobalSection(ExtensibilityGlobals) = postSolution
		SolutionGuid = {2FA87646-BDAB-4DAC-AB4C-3E3D917990AF}
	EndGlobalSection
EndGlobal
